<Solution>
  <Folder Name="/tests/">
    <Project Path="tests/NexCommerce.Domain.Tests/NexCommerce.Domain.Tests.csproj" />
    <Project Path="tests/NexCommerce.Infrastructure.Tests/NexCommerce.Infrastructure.Tests.csproj" />
  </Folder>
  <Project Path="NexCommerce.API/NexCommerce.API.csproj" />
  <Project Path="NexCommerce.Application/NexCommerce.Application.csproj" />
  <Project Path="NexCommerce.Domain/NexCommerce.Domain.csproj" />
  <Project Path="NexCommerce.Infrastructure/NexCommerce.Infrastructure.csproj" />
</Solution>
